// !$*UTF8*$!
{
	archiveVersion = 1;
	classes = {
	};
	objectVersion = 55;
	objects = {

/* Begin PBXBuildFile section */
		D85E1E3E266F9D6C00BE10CE /* Tests_iOS.swift in Sources */ = {isa = PBXBuildFile; fileRef = D85E1E3D266F9D6C00BE10CE /* Tests_iOS.swift */; };
		D85E1E48266F9D6C00BE10CE /* Tests_macOS.swift in Sources */ = {isa = PBXBuildFile; fileRef = D85E1E47266F9D6C00BE10CE /* Tests_macOS.swift */; };
		D85E1E49266F9D6C00BE10CE /* WWDC21.xcdatamodeld in Sources */ = {isa = PBXBuildFile; fileRef = D85E1E24266F9D6C00BE10CE /* WWDC21.xcdatamodeld */; };
		D85E1E4A266F9D6C00BE10CE /* WWDC21.xcdatamodeld in Sources */ = {isa = PBXBuildFile; fileRef = D85E1E24266F9D6C00BE10CE /* WWDC21.xcdatamodeld */; };
		D85E1E4B266F9D6C00BE10CE /* WWDC21App.swift in Sources */ = {isa = PBXBuildFile; fileRef = D85E1E26266F9D6C00BE10CE /* WWDC21App.swift */; };
		D85E1E4C266F9D6C00BE10CE /* WWDC21App.swift in Sources */ = {isa = PBXBuildFile; fileRef = D85E1E26266F9D6C00BE10CE /* WWDC21App.swift */; };
		D85E1E4D266F9D6C00BE10CE /* ContentView.swift in Sources */ = {isa = PBXBuildFile; fileRef = D85E1E27266F9D6C00BE10CE /* ContentView.swift */; };
		D85E1E4E266F9D6C00BE10CE /* ContentView.swift in Sources */ = {isa = PBXBuildFile; fileRef = D85E1E27266F9D6C00BE10CE /* ContentView.swift */; };
		D85E1E4F266F9D6C00BE10CE /* Persistence.swift in Sources */ = {isa = PBXBuildFile; fileRef = D85E1E28266F9D6C00BE10CE /* Persistence.swift */; };
		D85E1E50266F9D6C00BE10CE /* Persistence.swift in Sources */ = {isa = PBXBuildFile; fileRef = D85E1E28266F9D6C00BE10CE /* Persistence.swift */; };
		D85E1E51266F9D6C00BE10CE /* Assets.xcassets in Resources */ = {isa = PBXBuildFile; fileRef = D85E1E29266F9D6C00BE10CE /* Assets.xcassets */; };
		D85E1E52266F9D6C00BE10CE /* Assets.xcassets in Resources */ = {isa = PBXBuildFile; fileRef = D85E1E29266F9D6C00BE10CE /* Assets.xcassets */; };
		D85E1E62266F9E5800BE10CE /* NewsList.swift in Sources */ = {isa = PBXBuildFile; fileRef = D85E1E61266F9E5800BE10CE /* NewsList.swift */; };
		D85E1E63266F9E5800BE10CE /* NewsList.swift in Sources */ = {isa = PBXBuildFile; fileRef = D85E1E61266F9E5800BE10CE /* NewsList.swift */; };
/* End PBXBuildFile section */

/* Begin PBXContainerItemProxy section */
		D85E1E3A266F9D6C00BE10CE /* PBXContainerItemProxy */ = {
			isa = PBXContainerItemProxy;
			containerPortal = D85E1E1F266F9D6B00BE10CE /* Project object */;
			proxyType = 1;
			remoteGlobalIDString = D85E1E2D266F9D6C00BE10CE;
			remoteInfo = "WWDC21 (iOS)";
		};
		D85E1E44266F9D6C00BE10CE /* PBXContainerItemProxy */ = {
			isa = PBXContainerItemProxy;
			containerPortal = D85E1E1F266F9D6B00BE10CE /* Project object */;
			proxyType = 1;
			remoteGlobalIDString = D85E1E33266F9D6C00BE10CE;
			remoteInfo = "WWDC21 (macOS)";
		};
/* End PBXContainerItemProxy section */

/* Begin PBXFileReference section */
		D85E1E25266F9D6C00BE10CE /* Shared.xcdatamodel */ = {isa = PBXFileReference; lastKnownFileType = wrapper.xcdatamodel; path = Shared.xcdatamodel; sourceTree = "<group>"; };
		D85E1E26266F9D6C00BE10CE /* WWDC21App.swift */ = {isa = PBXFileReference; lastKnownFileType = sourcecode.swift; path = WWDC21App.swift; sourceTree = "<group>"; };
		D85E1E27266F9D6C00BE10CE /* ContentView.swift */ = {isa = PBXFileReference; lastKnownFileType = sourcecode.swift; path = ContentView.swift; sourceTree = "<group>"; };
		D85E1E28266F9D6C00BE10CE /* Persistence.swift */ = {isa = PBXFileReference; lastKnownFileType = sourcecode.swift; path = Persistence.swift; sourceTree = "<group>"; };
		D85E1E29266F9D6C00BE10CE /* Assets.xcassets */ = {isa = PBXFileReference; lastKnownFileType = folder.assetcatalog; path = Assets.xcassets; sourceTree = "<group>"; };
		D85E1E2E266F9D6C00BE10CE /* WWDC21.app */ = {isa = PBXFileReference; explicitFileType = wrapper.application; includeInIndex = 0; path = WWDC21.app; sourceTree = BUILT_PRODUCTS_DIR; };
		D85E1E34266F9D6C00BE10CE /* WWDC21.app */ = {isa = PBXFileReference; explicitFileType = wrapper.application; includeInIndex = 0; path = WWDC21.app; sourceTree = BUILT_PRODUCTS_DIR; };
		D85E1E39266F9D6C00BE10CE /* Tests iOS.xctest */ = {isa = PBXFileReference; explicitFileType = wrapper.cfbundle; includeInIndex = 0; path = "Tests iOS.xctest"; sourceTree = BUILT_PRODUCTS_DIR; };
		D85E1E3D266F9D6C00BE10CE /* Tests_iOS.swift */ = {isa = PBXFileReference; lastKnownFileType = sourcecode.swift; path = Tests_iOS.swift; sourceTree = "<group>"; };
		D85E1E43266F9D6C00BE10CE /* Tests macOS.xctest */ = {isa = PBXFileReference; explicitFileType = wrapper.cfbundle; includeInIndex = 0; path = "Tests macOS.xctest"; sourceTree = BUILT_PRODUCTS_DIR; };
		D85E1E47266F9D6C00BE10CE /* Tests_macOS.swift */ = {isa = PBXFileReference; lastKnownFileType = sourcecode.swift; path = Tests_macOS.swift; sourceTree = "<group>"; };
		D85E1E61266F9E5800BE10CE /* NewsList.swift */ = {isa = PBXFileReference; lastKnownFileType = sourcecode.swift; path = NewsList.swift; sourceTree = "<group>"; };
/* End PBXFileReference section */

/* Begin PBXFrameworksBuildPhase section */
		D85E1E2B266F9D6C00BE10CE /* Frameworks */ = {
			isa = PBXFrameworksBuildPhase;
			buildActionMask = 2147483647;
			files = (
			);
			runOnlyForDeploymentPostprocessing = 0;
		};
		D85E1E31266F9D6C00BE10CE /* Frameworks */ = {
			isa = PBXFrameworksBuildPhase;
			buildActionMask = 2147483647;
			files = (
			);
			runOnlyForDeploymentPostprocessing = 0;
		};
		D85E1E36266F9D6C00BE10CE /* Frameworks */ = {
			isa = PBXFrameworksBuildPhase;
			buildActionMask = 2147483647;
			files = (
			);
			runOnlyForDeploymentPostprocessing = 0;
		};
		D85E1E40266F9D6C00BE10CE /* Frameworks */ = {
			isa = PBXFrameworksBuildPhase;
			buildActionMask = 2147483647;
			files = (
			);
			runOnlyForDeploymentPostprocessing = 0;
		};
/* End PBXFrameworksBuildPhase section */

/* Begin PBXGroup section */
		D85E1E1E266F9D6B00BE10CE = {
			isa = PBXGroup;
			children = (
				D85E1E23266F9D6B00BE10CE /* Shared */,
				D85E1E3C266F9D6C00BE10CE /* Tests iOS */,
				D85E1E46266F9D6C00BE10CE /* Tests macOS */,
				D85E1E2F266F9D6C00BE10CE /* Products */,
			);
			sourceTree = "<group>";
		};
		D85E1E23266F9D6B00BE10CE /* Shared */ = {
			isa = PBXGroup;
			children = (
				D85E1E26266F9D6C00BE10CE /* WWDC21App.swift */,
				D85E1E27266F9D6C00BE10CE /* ContentView.swift */,
				D85E1E61266F9E5800BE10CE /* NewsList.swift */,
				D85E1E28266F9D6C00BE10CE /* Persistence.swift */,
				D85E1E29266F9D6C00BE10CE /* Assets.xcassets */,
				D85E1E24266F9D6C00BE10CE /* WWDC21.xcdatamodeld */,
			);
			path = Shared;
			sourceTree = "<group>";
		};
		D85E1E2F266F9D6C00BE10CE /* Products */ = {
			isa = PBXGroup;
			children = (
				D85E1E2E266F9D6C00BE10CE /* WWDC21.app */,
				D85E1E34266F9D6C00BE10CE /* WWDC21.app */,
				D85E1E39266F9D6C00BE10CE /* Tests iOS.xctest */,
				D85E1E43266F9D6C00BE10CE /* Tests macOS.xctest */,
			);
			name = Products;
			sourceTree = "<group>";
		};
		D85E1E3C266F9D6C00BE10CE /* Tests iOS */ = {
			isa = PBXGroup;
			children = (
				D85E1E3D266F9D6C00BE10CE /* Tests_iOS.swift */,
			);
			path = "Tests iOS";
			sourceTree = "<group>";
		};
		D85E1E46266F9D6C00BE10CE /* Tests macOS */ = {
			isa = PBXGroup;
			children = (
				D85E1E47266F9D6C00BE10CE /* Tests_macOS.swift */,
			);
			path = "Tests macOS";
			sourceTree = "<group>";
		};
/* End PBXGroup section */

/* Begin PBXNativeTarget section */
		D85E1E2D266F9D6C00BE10CE /* WWDC21 (iOS) */ = {
			isa = PBXNativeTarget;
			buildConfigurationList = D85E1E55266F9D6C00BE10CE /* Build configuration list for PBXNativeTarget "WWDC21 (iOS)" */;
			buildPhases = (
				D85E1E2A266F9D6C00BE10CE /* Sources */,
				D85E1E2B266F9D6C00BE10CE /* Frameworks */,
				D85E1E2C266F9D6C00BE10CE /* Resources */,
			);
			buildRules = (
			);
			dependencies = (
			);
			name = "WWDC21 (iOS)";
			productName = "WWDC21 (iOS)";
			productReference = D85E1E2E266F9D6C00BE10CE /* WWDC21.app */;
			productType = "com.apple.product-type.application";
		};
		D85E1E33266F9D6C00BE10CE /* WWDC21 (macOS) */ = {
			isa = PBXNativeTarget;
			buildConfigurationList = D85E1E58266F9D6C00BE10CE /* Build configuration list for PBXNativeTarget "WWDC21 (macOS)" */;
			buildPhases = (
				D85E1E30266F9D6C00BE10CE /* Sources */,
				D85E1E31266F9D6C00BE10CE /* Frameworks */,
				D85E1E32266F9D6C00BE10CE /* Resources */,
			);
			buildRules = (
			);
			dependencies = (
			);
			name = "WWDC21 (macOS)";
			productName = "WWDC21 (macOS)";
			productReference = D85E1E34266F9D6C00BE10CE /* WWDC21.app */;
			productType = "com.apple.product-type.application";
		};
		D85E1E38266F9D6C00BE10CE /* Tests iOS */ = {
			isa = PBXNativeTarget;
			buildConfigurationList = D85E1E5B266F9D6C00BE10CE /* Build configuration list for PBXNativeTarget "Tests iOS" */;
			buildPhases = (
				D85E1E35266F9D6C00BE10CE /* Sources */,
				D85E1E36266F9D6C00BE10CE /* Frameworks */,
				D85E1E37266F9D6C00BE10CE /* Resources */,
			);
			buildRules = (
			);
			dependencies = (
				D85E1E3B266F9D6C00BE10CE /* PBXTargetDependency */,
			);
			name = "Tests iOS";
			productName = "Tests iOS";
			productReference = D85E1E39266F9D6C00BE10CE /* Tests iOS.xctest */;
			productType = "com.apple.product-type.bundle.ui-testing";
		};
		D85E1E42266F9D6C00BE10CE /* Tests macOS */ = {
			isa = PBXNativeTarget;
			buildConfigurationList = D85E1E5E266F9D6C00BE10CE /* Build configuration list for PBXNativeTarget "Tests macOS" */;
			buildPhases = (
				D85E1E3F266F9D6C00BE10CE /* Sources */,
				D85E1E40266F9D6C00BE10CE /* Frameworks */,
				D85E1E41266F9D6C00BE10CE /* Resources */,
			);
			buildRules = (
			);
			dependencies = (
				D85E1E45266F9D6C00BE10CE /* PBXTargetDependency */,
			);
			name = "Tests macOS";
			productName = "Tests macOS";
			productReference = D85E1E43266F9D6C00BE10CE /* Tests macOS.xctest */;
			productType = "com.apple.product-type.bundle.ui-testing";
		};
/* End PBXNativeTarget section */

/* Begin PBXProject section */
		D85E1E1F266F9D6B00BE10CE /* Project object */ = {
			isa = PBXProject;
			attributes = {
				BuildIndependentTargetsInParallel = 1;
				LastSwiftUpdateCheck = 1300;
				LastUpgradeCheck = 1300;
				TargetAttributes = {
					D85E1E2D266F9D6C00BE10CE = {
						CreatedOnToolsVersion = 13.0;
					};
					D85E1E33266F9D6C00BE10CE = {
						CreatedOnToolsVersion = 13.0;
					};
					D85E1E38266F9D6C00BE10CE = {
						CreatedOnToolsVersion = 13.0;
						TestTargetID = D85E1E2D266F9D6C00BE10CE;
					};
					D85E1E42266F9D6C00BE10CE = {
						CreatedOnToolsVersion = 13.0;
						TestTargetID = D85E1E33266F9D6C00BE10CE;
					};
				};
			};
			buildConfigurationList = D85E1E22266F9D6B00BE10CE /* Build configuration list for PBXProject "WWDC21" */;
			compatibilityVersion = "Xcode 13.0";
			developmentRegion = en;
			hasScannedForEncodings = 0;
			knownRegions = (
				en,
				Base,
			);
			mainGroup = D85E1E1E266F9D6B00BE10CE;
			productRefGroup = D85E1E2F266F9D6C00BE10CE /* Products */;
			projectDirPath = "";
			projectRoot = "";
			targets = (
				D85E1E2D266F9D6C00BE10CE /* WWDC21 (iOS) */,
				D85E1E33266F9D6C00BE10CE /* WWDC21 (macOS) */,
				D85E1E38266F9D6C00BE10CE /* Tests iOS */,
				D85E1E42266F9D6C00BE10CE /* Tests macOS */,
			);
		};
/* End PBXProject section */

/* Begin PBXResourcesBuildPhase section */
		D85E1E2C266F9D6C00BE10CE /* Resources */ = {
			isa = PBXResourcesBuildPhase;
			buildActionMask = 2147483647;
			files = (
				D85E1E51266F9D6C00BE10CE /* Assets.xcassets in Resources */,
			);
			runOnlyForDeploymentPostprocessing = 0;
		};
		D85E1E32266F9D6C00BE10CE /* Resources */ = {
			isa = PBXResourcesBuildPhase;
			buildActionMask = 2147483647;
			files = (
				D85E1E52266F9D6C00BE10CE /* Assets.xcassets in Resources */,
			);
			runOnlyForDeploymentPostprocessing = 0;
		};
		D85E1E37266F9D6C00BE10CE /* Resources */ = {
			isa = PBXResourcesBuildPhase;
			buildActionMask = 2147483647;
			files = (
			);
			runOnlyForDeploymentPostprocessing = 0;
		};
		D85E1E41266F9D6C00BE10CE /* Resources */ = {
			isa = PBXResourcesBuildPhase;
			buildActionMask = 2147483647;
			files = (
			);
			runOnlyForDeploymentPostprocessing = 0;
		};
/* End PBXResourcesBuildPhase section */

/* Begin PBXSourcesBuildPhase section */
		D85E1E2A266F9D6C00BE10CE /* Sources */ = {
			isa = PBXSourcesBuildPhase;
			buildActionMask = 2147483647;
			files = (
				D85E1E49266F9D6C00BE10CE /* WWDC21.xcdatamodeld in Sources */,
				D85E1E62266F9E5800BE10CE /* NewsList.swift in Sources */,
				D85E1E4F266F9D6C00BE10CE /* Persistence.swift in Sources */,
				D85E1E4B266F9D6C00BE10CE /* WWDC21App.swift in Sources */,
				D85E1E4D266F9D6C00BE10CE /* ContentView.swift in Sources */,
			);
			runOnlyForDeploymentPostprocessing = 0;
		};
		D85E1E30266F9D6C00BE10CE /* Sources */ = {
			isa = PBXSourcesBuildPhase;
			buildActionMask = 2147483647;
			files = (
				D85E1E4A266F9D6C00BE10CE /* WWDC21.xcdatamodeld in Sources */,
				D85E1E63266F9E5800BE10CE /* NewsList.swift in Sources */,
				D85E1E50266F9D6C00BE10CE /* Persistence.swift in Sources */,
				D85E1E4C266F9D6C00BE10CE /* WWDC21App.swift in Sources */,
				D85E1E4E266F9D6C00BE10CE /* ContentView.swift in Sources */,
			);
			runOnlyForDeploymentPostprocessing = 0;
		};
		D85E1E35266F9D6C00BE10CE /* Sources */ = {
			isa = PBXSourcesBuildPhase;
			buildActionMask = 2147483647;
			files = (
				D85E1E3E266F9D6C00BE10CE /* Tests_iOS.swift in Sources */,
			);
			runOnlyForDeploymentPostprocessing = 0;
		};
		D85E1E3F266F9D6C00BE10CE /* Sources */ = {
			isa = PBXSourcesBuildPhase;
			buildActionMask = 2147483647;
			files = (
				D85E1E48266F9D6C00BE10CE /* Tests_macOS.swift in Sources */,
			);
			runOnlyForDeploymentPostprocessing = 0;
		};
/* End PBXSourcesBuildPhase section */

/* Begin PBXTargetDependency section */
		D85E1E3B266F9D6C00BE10CE /* PBXTargetDependency */ = {
			isa = PBXTargetDependency;
			target = D85E1E2D266F9D6C00BE10CE /* WWDC21 (iOS) */;
			targetProxy = D85E1E3A266F9D6C00BE10CE /* PBXContainerItemProxy */;
		};
		D85E1E45266F9D6C00BE10CE /* PBXTargetDependency */ = {
			isa = PBXTargetDependency;
			target = D85E1E33266F9D6C00BE10CE /* WWDC21 (macOS) */;
			targetProxy = D85E1E44266F9D6C00BE10CE /* PBXContainerItemProxy */;
		};
/* End PBXTargetDependency section */

/* Begin XCBuildConfiguration section */
		D85E1E53266F9D6C00BE10CE /* Debug */ = {
			isa = XCBuildConfiguration;
			buildSettings = {
				ALWAYS_SEARCH_USER_PATHS = NO;
				CLANG_ANALYZER_NONNULL = YES;
				CLANG_ANALYZER_NUMBER_OBJECT_CONVERSION = YES_AGGRESSIVE;
				CLANG_CXX_LANGUAGE_STANDARD = "gnu++14";
				CLANG_CXX_LIBRARY = "libc++";
				CLANG_ENABLE_MODULES = YES;
				CLANG_ENABLE_OBJC_ARC = YES;
				CLANG_ENABLE_OBJC_WEAK = YES;
				CLANG_WARN_BLOCK_CAPTURE_AUTORELEASING = YES;
				CLANG_WARN_BOOL_CONVERSION = YES;
				CLANG_WARN_COMMA = YES;
				CLANG_WARN_CONSTANT_CONVERSION = YES;
				CLANG_WARN_DEPRECATED_OBJC_IMPLEMENTATIONS = YES;
				CLANG_WARN_DIRECT_OBJC_ISA_USAGE = YES_ERROR;
				CLANG_WARN_DOCUMENTATION_COMMENTS = YES;
				CLANG_WARN_EMPTY_BODY = YES;
				CLANG_WARN_ENUM_CONVERSION = YES;
				CLANG_WARN_INFINITE_RECURSION = YES;
				CLANG_WARN_INT_CONVERSION = YES;
				CLANG_WARN_NON_LITERAL_NULL_CONVERSION = YES;
				CLANG_WARN_OBJC_IMPLICIT_RETAIN_SELF = YES;
				CLANG_WARN_OBJC_LITERAL_CONVERSION = YES;
				CLANG_WARN_OBJC_ROOT_CLASS = YES_ERROR;
				CLANG_WARN_QUOTED_INCLUDE_IN_FRAMEWORK_HEADER = YES;
				CLANG_WARN_RANGE_LOOP_ANALYSIS = YES;
				CLANG_WARN_STRICT_PROTOTYPES = YES;
				CLANG_WARN_SUSPICIOUS_MOVE = YES;
				CLANG_WARN_UNGUARDED_AVAILABILITY = YES_AGGRESSIVE;
				CLANG_WARN_UNREACHABLE_CODE = YES;
				CLANG_WARN__DUPLICATE_METHOD_MATCH = YES;
				COPY_PHASE_STRIP = NO;
				DEBUG_INFORMATION_FORMAT = dwarf;
				ENABLE_STRICT_OBJC_MSGSEND = YES;
				ENABLE_TESTABILITY = YES;
				GCC_C_LANGUAGE_STANDARD = gnu11;
				GCC_DYNAMIC_NO_PIC = NO;
				GCC_NO_COMMON_BLOCKS = YES;
				GCC_OPTIMIZATION_LEVEL = 0;
				GCC_PREPROCESSOR_DEFINITIONS = (
					"DEBUG=1",
					"$(inherited)",
				);
				GCC_WARN_64_TO_32_BIT_CONVERSION = YES;
				GCC_WARN_ABOUT_RETURN_TYPE = YES_ERROR;
				GCC_WARN_UNDECLARED_SELECTOR = YES;
				GCC_WARN_UNINITIALIZED_AUTOS = YES_AGGRESSIVE;
				GCC_WARN_UNUSED_FUNCTION = YES;
				GCC_WARN_UNUSED_VARIABLE = YES;
				IPHONEOS_DEPLOYMENT_TARGET = 15.0;
				MACOSX_DEPLOYMENT_TARGET = 12.0;
				MTL_ENABLE_DEBUG_INFO = INCLUDE_SOURCE;
				MTL_FAST_MATH = YES;
				ONLY_ACTIVE_ARCH = YES;
				SWIFT_ACTIVE_COMPILATION_CONDITIONS = DEBUG;
				SWIFT_OPTIMIZATION_LEVEL = "-Onone";
			};
			name = Debug;
		};
		D85E1E54266F9D6C00BE10CE /* Release */ = {
			isa = XCBuildConfiguration;
			buildSettings = {
				ALWAYS_SEARCH_USER_PATHS = NO;
				CLANG_ANALYZER_NONNULL = YES;
				CLANG_ANALYZER_NUMBER_OBJECT_CONVERSION = YES_AGGRESSIVE;
				CLANG_CXX_LANGUAGE_STANDARD = "gnu++14";
				CLANG_CXX_LIBRARY = "libc++";
				CLANG_ENABLE_MODULES = YES;
				CLANG_ENABLE_OBJC_ARC = YES;
				CLANG_ENABLE_OBJC_WEAK = YES;
				CLANG_WARN_BLOCK_CAPTURE_AUTORELEASING = YES;
				CLANG_WARN_BOOL_CONVERSION = YES;
				CLANG_WARN_COMMA = YES;
				CLANG_WARN_CONSTANT_CONVERSION = YES;
				CLANG_WARN_DEPRECATED_OBJC_IMPLEMENTATIONS = YES;
				CLANG_WARN_DIRECT_OBJC_ISA_USAGE = YES_ERROR;
				CLANG_WARN_DOCUMENTATION_COMMENTS = YES;
				CLANG_WARN_EMPTY_BODY = YES;
				CLANG_WARN_ENUM_CONVERSION = YES;
				CLANG_WARN_INFINITE_RECURSION = YES;
				CLANG_WARN_INT_CONVERSION = YES;
				CLANG_WARN_NON_LITERAL_NULL_CONVERSION = YES;
				CLANG_WARN_OBJC_IMPLICIT_RETAIN_SELF = YES;
				CLANG_WARN_OBJC_LITERAL_CONVERSION = YES;
				CLANG_WARN_OBJC_ROOT_CLASS = YES_ERROR;
				CLANG_WARN_QUOTED_INCLUDE_IN_FRAMEWORK_HEADER = YES;
				CLANG_WARN_RANGE_LOOP_ANALYSIS = YES;
				CLANG_WARN_STRICT_PROTOTYPES = YES;
				CLANG_WARN_SUSPICIOUS_MOVE = YES;
				CLANG_WARN_UNGUARDED_AVAILABILITY = YES_AGGRESSIVE;
				CLANG_WARN_UNREACHABLE_CODE = YES;
				CLANG_WARN__DUPLICATE_METHOD_MATCH = YES;
				COPY_PHASE_STRIP = NO;
				DEBUG_INFORMATION_FORMAT = "dwarf-with-dsym";
				ENABLE_NS_ASSERTIONS = NO;
				ENABLE_STRICT_OBJC_MSGSEND = YES;
				GCC_C_LANGUAGE_STANDARD = gnu11;
				GCC_NO_COMMON_BLOCKS = YES;
				GCC_WARN_64_TO_32_BIT_CONVERSION = YES;
				GCC_WARN_ABOUT_RETURN_TYPE = YES_ERROR;
				GCC_WARN_UNDECLARED_SELECTOR = YES;
				GCC_WARN_UNINITIALIZED_AUTOS = YES_AGGRESSIVE;
				GCC_WARN_UNUSED_FUNCTION = YES;
				GCC_WARN_UNUSED_VARIABLE = YES;
				IPHONEOS_DEPLOYMENT_TARGET = 15.0;
				MACOSX_DEPLOYMENT_TARGET = 12.0;
				MTL_ENABLE_DEBUG_INFO = NO;
				MTL_FAST_MATH = YES;
				SWIFT_COMPILATION_MODE = wholemodule;
				SWIFT_OPTIMIZATION_LEVEL = "-O";
			};
			name = Release;
		};
		D85E1E56266F9D6C00BE10CE /* Debug */ = {
			isa = XCBuildConfiguration;
			buildSettings = {
				ASSETCATALOG_COMPILER_APPICON_NAME = AppIcon;
				ASSETCATALOG_COMPILER_GLOBAL_ACCENT_COLOR_NAME = AccentColor;
				CODE_SIGN_STYLE = Automatic;
				CURRENT_PROJECT_VERSION = 1;
				DEVELOPMENT_TEAM = WQL46KKY4Q;
				ENABLE_PREVIEWS = YES;
				GENERATE_INFOPLIST_FILE = YES;
				INFOPLIST_KEY_UIApplicationSceneManifest_Generation = YES;
				INFOPLIST_KEY_UIApplicationSupportsIndirectInputEvents = YES;
				INFOPLIST_KEY_UILaunchScreen_Generation = YES;
				INFOPLIST_KEY_UISupportedInterfaceOrientations_iPad = "UIInterfaceOrientationPortrait UIInterfaceOrientationPortraitUpsideDown UIInterfaceOrientationLandscapeLeft UIInterfaceOrientationLandscapeRight";
				INFOPLIST_KEY_UISupportedInterfaceOrientations_iPhone = "UIInterfaceOrientationPortrait UIInterfaceOrientationLandscapeLeft UIInterfaceOrientationLandscapeRight";
				IPHONEOS_DEPLOYMENT_TARGET = 15.0;
				LD_RUNPATH_SEARCH_PATHS = (
					"$(inherited)",
					"@executable_path/Frameworks",
				);
				MARKETING_VERSION = 1.0;
				PRODUCT_BUNDLE_IDENTIFIER = com.stanziano.WWDC21;
				PRODUCT_NAME = WWDC21;
				SDKROOT = iphoneos;
				SWIFT_EMIT_LOC_STRINGS = YES;
				SWIFT_VERSION = 5.0;
				TARGETED_DEVICE_FAMILY = "1,2";
			};
			name = Debug;
		};
		D85E1E57266F9D6C00BE10CE /* Release */ = {
			isa = XCBuildConfiguration;
			buildSettings = {
				ASSETCATALOG_COMPILER_APPICON_NAME = AppIcon;
				ASSETCATALOG_COMPILER_GLOBAL_ACCENT_COLOR_NAME = AccentColor;
				CODE_SIGN_STYLE = Automatic;
				CURRENT_PROJECT_VERSION = 1;
				DEVELOPMENT_TEAM = WQL46KKY4Q;
				ENABLE_PREVIEWS = YES;
				GENERATE_INFOPLIST_FILE = YES;
				INFOPLIST_KEY_UIApplicationSceneManifest_Generation = YES;
				INFOPLIST_KEY_UIApplicationSupportsIndirectInputEvents = YES;
				INFOPLIST_KEY_UILaunchScreen_Generation = YES;
				INFOPLIST_KEY_UISupportedInterfaceOrientations_iPad = "UIInterfaceOrientationPortrait UIInterfaceOrientationPortraitUpsideDown UIInterfaceOrientationLandscapeLeft UIInterfaceOrientationLandscapeRight";
				INFOPLIST_KEY_UISupportedInterfaceOrientations_iPhone = "UIInterfaceOrientationPortrait UIInterfaceOrientationLandscapeLeft UIInterfaceOrientationLandscapeRight";
				IPHONEOS_DEPLOYMENT_TARGET = 15.0;
				LD_RUNPATH_SEARCH_PATHS = (
					"$(inherited)",
					"@executable_path/Frameworks",
				);
				MARKETING_VERSION = 1.0;
				PRODUCT_BUNDLE_IDENTIFIER = com.stanziano.WWDC21;
				PRODUCT_NAME = WWDC21;
				SDKROOT = iphoneos;
				SWIFT_EMIT_LOC_STRINGS = YES;
				SWIFT_VERSION = 5.0;
				TARGETED_DEVICE_FAMILY = "1,2";
				VALIDATE_PRODUCT = YES;
			};
			name = Release;
		};
		D85E1E59266F9D6C00BE10CE /* Debug */ = {
			isa = XCBuildConfiguration;
			buildSettings = {
				ASSETCATALOG_COMPILER_APPICON_NAME = AppIcon;
				ASSETCATALOG_COMPILER_GLOBAL_ACCENT_COLOR_NAME = AccentColor;
				CODE_SIGN_STYLE = Automatic;
				COMBINE_HIDPI_IMAGES = YES;
				CURRENT_PROJECT_VERSION = 1;
				DEVELOPMENT_TEAM = WQL46KKY4Q;
				ENABLE_APP_SANDBOX = YES;
				ENABLE_HARDENED_RUNTIME = YES;
				ENABLE_PREVIEWS = YES;
				ENABLE_USER_SELECTED_FILES = readonly;
				GENERATE_INFOPLIST_FILE = YES;
				INFOPLIST_KEY_NSHumanReadableCopyright = "";
				LD_RUNPATH_SEARCH_PATHS = (
					"$(inherited)",
					"@executable_path/../Frameworks",
				);
				MACOSX_DEPLOYMENT_TARGET = 11.0;
				MARKETING_VERSION = 1.0;
				PRODUCT_BUNDLE_IDENTIFIER = com.stanziano.WWDC21;
				PRODUCT_NAME = WWDC21;
				SDKROOT = macosx;
				SWIFT_EMIT_LOC_STRINGS = YES;
				SWIFT_VERSION = 5.0;
			};
			name = Debug;
		};
		D85E1E5A266F9D6C00BE10CE /* Release */ = {
			isa = XCBuildConfiguration;
			buildSettings = {
				ASSETCATALOG_COMPILER_APPICON_NAME = AppIcon;
				ASSETCATALOG_COMPILER_GLOBAL_ACCENT_COLOR_NAME = AccentColor;
				CODE_SIGN_STYLE = Automatic;
				COMBINE_HIDPI_IMAGES = YES;
				CURRENT_PROJECT_VERSION = 1;
				DEVELOPMENT_TEAM = WQL46KKY4Q;
				ENABLE_APP_SANDBOX = YES;
				ENABLE_HARDENED_RUNTIME = YES;
				ENABLE_PREVIEWS = YES;
				ENABLE_USER_SELECTED_FILES = readonly;
				GENERATE_INFOPLIST_FILE = YES;
				INFOPLIST_KEY_NSHumanReadableCopyright = "";
				LD_RUNPATH_SEARCH_PATHS = (
					"$(inherited)",
					"@executable_path/../Frameworks",
				);
				MACOSX_DEPLOYMENT_TARGET = 11.0;
				MARKETING_VERSION = 1.0;
				PRODUCT_BUNDLE_IDENTIFIER = com.stanziano.WWDC21;
				PRODUCT_NAME = WWDC21;
				SDKROOT = macosx;
				SWIFT_EMIT_LOC_STRINGS = YES;
				SWIFT_VERSION = 5.0;
			};
			name = Release;
		};
		D85E1E5C266F9D6C00BE10CE /* Debug */ = {
			isa = XCBuildConfiguration;
			buildSettings = {
				ALWAYS_EMBED_SWIFT_STANDARD_LIBRARIES = YES;
				CODE_SIGN_STYLE = Automatic;
				CURRENT_PROJECT_VERSION = 1;
				DEVELOPMENT_TEAM = WQL46KKY4Q;
				GENERATE_INFOPLIST_FILE = YES;
				IPHONEOS_DEPLOYMENT_TARGET = 15.0;
				LD_RUNPATH_SEARCH_PATHS = (
					"$(inherited)",
					"@executable_path/Frameworks",
					"@loader_path/Frameworks",
				);
				MARKETING_VERSION = 1.0;
				PRODUCT_BUNDLE_IDENTIFIER = "com.stanziano.Tests-iOS";
				PRODUCT_NAME = "$(TARGET_NAME)";
				SDKROOT = iphoneos;
				SWIFT_EMIT_LOC_STRINGS = NO;
				SWIFT_VERSION = 5.0;
				TARGETED_DEVICE_FAMILY = "1,2";
				TEST_TARGET_NAME = "WWDC21 (iOS)";
			};
			name = Debug;
		};
		D85E1E5D266F9D6C00BE10CE /* Release */ = {
			isa = XCBuildConfiguration;
			buildSettings = {
				ALWAYS_EMBED_SWIFT_STANDARD_LIBRARIES = YES;
				CODE_SIGN_STYLE = Automatic;
				CURRENT_PROJECT_VERSION = 1;
				DEVELOPMENT_TEAM = WQL46KKY4Q;
				GENERATE_INFOPLIST_FILE = YES;
				IPHONEOS_DEPLOYMENT_TARGET = 15.0;
				LD_RUNPATH_SEARCH_PATHS = (
					"$(inherited)",
					"@executable_path/Frameworks",
					"@loader_path/Frameworks",
				);
				MARKETING_VERSION = 1.0;
				PRODUCT_BUNDLE_IDENTIFIER = "com.stanziano.Tests-iOS";
				PRODUCT_NAME = "$(TARGET_NAME)";
				SDKROOT = iphoneos;
				SWIFT_EMIT_LOC_STRINGS = NO;
				SWIFT_VERSION = 5.0;
				TARGETED_DEVICE_FAMILY = "1,2";
				TEST_TARGET_NAME = "WWDC21 (iOS)";
				VALIDATE_PRODUCT = YES;
			};
			name = Release;
		};
		D85E1E5F266F9D6C00BE10CE /* Debug */ = {
			isa = XCBuildConfiguration;
			buildSettings = {
				ALWAYS_EMBED_SWIFT_STANDARD_LIBRARIES = YES;
				CODE_SIGN_STYLE = Automatic;
				COMBINE_HIDPI_IMAGES = YES;
				CURRENT_PROJECT_VERSION = 1;
				DEVELOPMENT_TEAM = WQL46KKY4Q;
				GENERATE_INFOPLIST_FILE = YES;
				LD_RUNPATH_SEARCH_PATHS = (
					"$(inherited)",
					"@executable_path/../Frameworks",
					"@loader_path/../Frameworks",
				);
				MACOSX_DEPLOYMENT_TARGET = 11.4;
				MARKETING_VERSION = 1.0;
				PRODUCT_BUNDLE_IDENTIFIER = "com.stanziano.Tests-macOS";
				PRODUCT_NAME = "$(TARGET_NAME)";
				SDKROOT = macosx;
				SWIFT_EMIT_LOC_STRINGS = NO;
				SWIFT_VERSION = 5.0;
				TEST_TARGET_NAME = "WWDC21 (macOS)";
			};
			name = Debug;
		};
		D85E1E60266F9D6C00BE10CE /* Release */ = {
			isa = XCBuildConfiguration;
			buildSettings = {
				ALWAYS_EMBED_SWIFT_STANDARD_LIBRARIES = YES;
				CODE_SIGN_STYLE = Automatic;
				COMBINE_HIDPI_IMAGES = YES;
				CURRENT_PROJECT_VERSION = 1;
				DEVELOPMENT_TEAM = WQL46KKY4Q;
				GENERATE_INFOPLIST_FILE = YES;
				LD_RUNPATH_SEARCH_PATHS = (
					"$(inherited)",
					"@executable_path/../Frameworks",
					"@loader_path/../Frameworks",
				);
				MACOSX_DEPLOYMENT_TARGET = 11.4;
				MARKETING_VERSION = 1.0;
				PRODUCT_BUNDLE_IDENTIFIER = "com.stanziano.Tests-macOS";
				PRODUCT_NAME = "$(TARGET_NAME)";
				SDKROOT = macosx;
				SWIFT_EMIT_LOC_STRINGS = NO;
				SWIFT_VERSION = 5.0;
				TEST_TARGET_NAME = "WWDC21 (macOS)";
			};
			name = Release;
		};
/* End XCBuildConfiguration section */

/* Begin XCConfigurationList section */
		D85E1E22266F9D6B00BE10CE /* Build configuration list for PBXProject "WWDC21" */ = {
			isa = XCConfigurationList;
			buildConfigurations = (
				D85E1E53266F9D6C00BE10CE /* Debug */,
				D85E1E54266F9D6C00BE10CE /* Release */,
			);
			defaultConfigurationIsVisible = 0;
			defaultConfigurationName = Release;
		};
		D85E1E55266F9D6C00BE10CE /* Build configuration list for PBXNativeTarget "WWDC21 (iOS)" */ = {
			isa = XCConfigurationList;
			buildConfigurations = (
				D85E1E56266F9D6C00BE10CE /* Debug */,
				D85E1E57266F9D6C00BE10CE /* Release */,
			);
			defaultConfigurationIsVisible = 0;
			defaultConfigurationName = Release;
		};
		D85E1E58266F9D6C00BE10CE /* Build configuration list for PBXNativeTarget "WWDC21 (macOS)" */ = {
			isa = XCConfigurationList;
			buildConfigurations = (
				D85E1E59266F9D6C00BE10CE /* Debug */,
				D85E1E5A266F9D6C00BE10CE /* Release */,
			);
			defaultConfigurationIsVisible = 0;
			defaultConfigurationName = Release;
		};
		D85E1E5B266F9D6C00BE10CE /* Build configuration list for PBXNativeTarget "Tests iOS" */ = {
			isa = XCConfigurationList;
			buildConfigurations = (
				D85E1E5C266F9D6C00BE10CE /* Debug */,
				D85E1E5D266F9D6C00BE10CE /* Release */,
			);
			defaultConfigurationIsVisible = 0;
			defaultConfigurationName = Release;
		};
		D85E1E5E266F9D6C00BE10CE /* Build configuration list for PBXNativeTarget "Tests macOS" */ = {
			isa = XCConfigurationList;
			buildConfigurations = (
				D85E1E5F266F9D6C00BE10CE /* Debug */,
				D85E1E60266F9D6C00BE10CE /* Release */,
			);
			defaultConfigurationIsVisible = 0;
			defaultConfigurationName = Release;
		};
/* End XCConfigurationList section */

/* Begin XCVersionGroup section */
		D85E1E24266F9D6C00BE10CE /* WWDC21.xcdatamodeld */ = {
			isa = XCVersionGroup;
			children = (
				D85E1E25266F9D6C00BE10CE /* Shared.xcdatamodel */,
			);
			currentVersion = D85E1E25266F9D6C00BE10CE /* Shared.xcdatamodel */;
			path = WWDC21.xcdatamodeld;
			sourceTree = "<group>";
			versionGroupType = wrapper.xcdatamodel;
		};
/* End XCVersionGroup section */
	};
	rootObject = D85E1E1F266F9D6B00BE10CE /* Project object */;
}
